
Microsoft Visual Studio Solution File, Format Version 12.00
# Visual Studio Version 16
VisualStudioVersion = 16.0.30225.117
MinimumVisualStudioVersion = 10.0.40219.1
Project("{2150E333-8FDC-42A3-9474-1A3956D46DE8}") = "Microservices", "Microservices", "{2C032D6D-C172-475D-B773-6F826922B1FE}"
EndProject
Project("{2150E333-8FDC-42A3-9474-1A3956D46DE8}") = "Domain", "Domain", "{00D556B7-DEFA-4D1B-AB43-50C171BEBF85}"
EndProject
Project("{2150E333-8FDC-42A3-9474-1A3956D46DE8}") = "Infra.Bus", "Infra.Bus", "{70AC3470-CEB9-40A0-8272-376E8871E96F}"
EndProject
Project("{2150E333-8FDC-42A3-9474-1A3956D46DE8}") = "Infra.IoC", "Infra.IoC", "{4702CF4F-48A1-4BCB-BCD0-E1FA47C48B83}"
EndProject
Project("{2150E333-8FDC-42A3-9474-1A3956D46DE8}") = "Presentation", "Presentation", "{417559B4-F5DF-400A-BB65-62057174A41A}"
EndProject
Project("{9A19103F-16F7-4668-BE54-9A1E7A4F7556}") = "MicroRabbit.Domain.Core", "MicroRabbit.Domain.Core\MicroRabbit.Domain.Core.csproj", "{23A442A7-C2D9-4E85-9C76-E18179EE59D0}"
EndProject
Project("{9A19103F-16F7-4668-BE54-9A1E7A4F7556}") = "MicroRabbit.Infra.Bus", "MicroRabbit.Infra.Bus\MicroRabbit.Infra.Bus.csproj", "{1C3063F1-0EB0-444B-8F9B-E3132A226527}"
EndProject
Project("{9A19103F-16F7-4668-BE54-9A1E7A4F7556}") = "MicroRabbit.Infra.IoC", "MicroRabbit.Infra.IoC\MicroRabbit.Infra.IoC.csproj", "{7843C95C-A683-4EDC-9E8E-46D337DE1843}"
EndProject
Project("{2150E333-8FDC-42A3-9474-1A3956D46DE8}") = "Banking", "Banking", "{3ABA2457-CEFA-4A43-B013-576A24A9F20D}"
EndProject
Project("{2150E333-8FDC-42A3-9474-1A3956D46DE8}") = "Api", "Api", "{EA9D6673-F8A3-469A-A52A-ABFD6D57978A}"
EndProject
Project("{2150E333-8FDC-42A3-9474-1A3956D46DE8}") = "Domain", "Domain", "{BE0F2A7A-90A9-41D8-B2B7-3EBEB4BE0D55}"
EndProject
Project("{2150E333-8FDC-42A3-9474-1A3956D46DE8}") = "Application", "Application", "{9076B2D8-EE29-4A51-8AEA-792AB6464E83}"
EndProject
Project("{2150E333-8FDC-42A3-9474-1A3956D46DE8}") = "Data", "Data", "{292012FE-06A0-4806-9B9C-80C974555C4A}"
EndProject
Project("{FAE04EC0-301F-11D3-BF4B-00C04F79EFBC}") = "MicroRabbit.Banking.Api", "MicroRabbit.Banking.Api\MicroRabbit.Banking.Api.csproj", "{7AE16A81-8F92-45F6-9DA7-F2911349066F}"
EndProject
Project("{FAE04EC0-301F-11D3-BF4B-00C04F79EFBC}") = "MicroRabbit.Banking.Application", "MicroRabbit.Banking.Application\MicroRabbit.Banking.Application.csproj", "{9B1893C0-2B6D-4815-8B3B-F3F383ED7E62}"
EndProject
Project("{FAE04EC0-301F-11D3-BF4B-00C04F79EFBC}") = "MicroRabbit.Banking.Data", "MicroRabbit.Banking.Data\MicroRabbit.Banking.Data.csproj", "{8A380137-7ADC-4A48-B693-9194561E30AF}"
EndProject
Project("{FAE04EC0-301F-11D3-BF4B-00C04F79EFBC}") = "MicroRabbit.Banking.Domain", "MicroRabbit.Banking.Domain\MicroRabbit.Banking.Domain.csproj", "{1E5DF92F-C1D8-4F17-9B05-5BBFD9CD2AA0}"
EndProject
Global
	GlobalSection(SolutionConfigurationPlatforms) = preSolution
		Debug|Any CPU = Debug|Any CPU
		Release|Any CPU = Release|Any CPU
	EndGlobalSection
	GlobalSection(ProjectConfigurationPlatforms) = postSolution
		{23A442A7-C2D9-4E85-9C76-E18179EE59D0}.Debug|Any CPU.ActiveCfg = Debug|Any CPU
		{23A442A7-C2D9-4E85-9C76-E18179EE59D0}.Debug|Any CPU.Build.0 = Debug|Any CPU
		{23A442A7-C2D9-4E85-9C76-E18179EE59D0}.Release|Any CPU.ActiveCfg = Release|Any CPU
		{23A442A7-C2D9-4E85-9C76-E18179EE59D0}.Release|Any CPU.Build.0 = Release|Any CPU
		{1C3063F1-0EB0-444B-8F9B-E3132A226527}.Debug|Any CPU.ActiveCfg = Debug|Any CPU
		{1C3063F1-0EB0-444B-8F9B-E3132A226527}.Debug|Any CPU.Build.0 = Debug|Any CPU
		{1C3063F1-0EB0-444B-8F9B-E3132A226527}.Release|Any CPU.ActiveCfg = Release|Any CPU
		{1C3063F1-0EB0-444B-8F9B-E3132A226527}.Release|Any CPU.Build.0 = Release|Any CPU
		{7843C95C-A683-4EDC-9E8E-46D337DE1843}.Debug|Any CPU.ActiveCfg = Debug|Any CPU
		{7843C95C-A683-4EDC-9E8E-46D337DE1843}.Debug|Any CPU.Build.0 = Debug|Any CPU
		{7843C95C-A683-4EDC-9E8E-46D337DE1843}.Release|Any CPU.ActiveCfg = Release|Any CPU
		{7843C95C-A683-4EDC-9E8E-46D337DE1843}.Release|Any CPU.Build.0 = Release|Any CPU
		{7AE16A81-8F92-45F6-9DA7-F2911349066F}.Debug|Any CPU.ActiveCfg = Debug|Any CPU
		{7AE16A81-8F92-45F6-9DA7-F2911349066F}.Debug|Any CPU.Build.0 = Debug|Any CPU
		{7AE16A81-8F92-45F6-9DA7-F2911349066F}.Release|Any CPU.ActiveCfg = Release|Any CPU
		{7AE16A81-8F92-45F6-9DA7-F2911349066F}.Release|Any CPU.Build.0 = Release|Any CPU
		{9B1893C0-2B6D-4815-8B3B-F3F383ED7E62}.Debug|Any CPU.ActiveCfg = Debug|Any CPU
		{9B1893C0-2B6D-4815-8B3B-F3F383ED7E62}.Debug|Any CPU.Build.0 = Debug|Any CPU
		{9B1893C0-2B6D-4815-8B3B-F3F383ED7E62}.Release|Any CPU.ActiveCfg = Release|Any CPU
		{9B1893C0-2B6D-4815-8B3B-F3F383ED7E62}.Release|Any CPU.Build.0 = Release|Any CPU
		{8A380137-7ADC-4A48-B693-9194561E30AF}.Debug|Any CPU.ActiveCfg = Debug|Any CPU
		{8A380137-7ADC-4A48-B693-9194561E30AF}.Debug|Any CPU.Build.0 = Debug|Any CPU
		{8A380137-7ADC-4A48-B693-9194561E30AF}.Release|Any CPU.ActiveCfg = Release|Any CPU
		{8A380137-7ADC-4A48-B693-9194561E30AF}.Release|Any CPU.Build.0 = Release|Any CPU
		{1E5DF92F-C1D8-4F17-9B05-5BBFD9CD2AA0}.Debug|Any CPU.ActiveCfg = Debug|Any CPU
		{1E5DF92F-C1D8-4F17-9B05-5BBFD9CD2AA0}.Debug|Any CPU.Build.0 = Debug|Any CPU
		{1E5DF92F-C1D8-4F17-9B05-5BBFD9CD2AA0}.Release|Any CPU.ActiveCfg = Release|Any CPU
		{1E5DF92F-C1D8-4F17-9B05-5BBFD9CD2AA0}.Release|Any CPU.Build.0 = Release|Any CPU
	EndGlobalSection
	GlobalSection(SolutionProperties) = preSolution
		HideSolutionNode = FALSE
	EndGlobalSection
	GlobalSection(NestedProjects) = preSolution
		{23A442A7-C2D9-4E85-9C76-E18179EE59D0} = {00D556B7-DEFA-4D1B-AB43-50C171BEBF85}
		{1C3063F1-0EB0-444B-8F9B-E3132A226527} = {70AC3470-CEB9-40A0-8272-376E8871E96F}
		{7843C95C-A683-4EDC-9E8E-46D337DE1843} = {4702CF4F-48A1-4BCB-BCD0-E1FA47C48B83}
		{3ABA2457-CEFA-4A43-B013-576A24A9F20D} = {2C032D6D-C172-475D-B773-6F826922B1FE}
		{EA9D6673-F8A3-469A-A52A-ABFD6D57978A} = {3ABA2457-CEFA-4A43-B013-576A24A9F20D}
		{BE0F2A7A-90A9-41D8-B2B7-3EBEB4BE0D55} = {3ABA2457-CEFA-4A43-B013-576A24A9F20D}
		{9076B2D8-EE29-4A51-8AEA-792AB6464E83} = {3ABA2457-CEFA-4A43-B013-576A24A9F20D}
		{292012FE-06A0-4806-9B9C-80C974555C4A} = {3ABA2457-CEFA-4A43-B013-576A24A9F20D}
		{7AE16A81-8F92-45F6-9DA7-F2911349066F} = {EA9D6673-F8A3-469A-A52A-ABFD6D57978A}
		{9B1893C0-2B6D-4815-8B3B-F3F383ED7E62} = {9076B2D8-EE29-4A51-8AEA-792AB6464E83}
		{8A380137-7ADC-4A48-B693-9194561E30AF} = {292012FE-06A0-4806-9B9C-80C974555C4A}
		{1E5DF92F-C1D8-4F17-9B05-5BBFD9CD2AA0} = {BE0F2A7A-90A9-41D8-B2B7-3EBEB4BE0D55}
	EndGlobalSection
	GlobalSection(ExtensibilityGlobals) = postSolution
		SolutionGuid = {25917372-C50B-4C6C-A934-40DDED608CAE}
	EndGlobalSection
EndGlobal
