
Microsoft Visual Studio Solution File, Format Version 12.00
# Visual Studio Version 16
VisualStudioVersion = 16.0.30225.117
MinimumVisualStudioVersion = 10.0.40219.1
Project("{2150E333-8FDC-42A3-9474-1A3956D46DE8}") = "Microservices", "Microservices", "{2C032D6D-C172-475D-B773-6F826922B1FE}"
EndProject
Project("{2150E333-8FDC-42A3-9474-1A3956D46DE8}") = "Domain", "Domain", "{00D556B7-DEFA-4D1B-AB43-50C171BEBF85}"
EndProject
Project("{2150E333-8FDC-42A3-9474-1A3956D46DE8}") = "Infra.Bus", "Infra.Bus", "{70AC3470-CEB9-40A0-8272-376E8871E96F}"
EndProject
Project("{2150E333-8FDC-42A3-9474-1A3956D46DE8}") = "Infra.IoC", "Infra.IoC", "{4702CF4F-48A1-4BCB-BCD0-E1FA47C48B83}"
EndProject
Project("{2150E333-8FDC-42A3-9474-1A3956D46DE8}") = "Presentation", "Presentation", "{417559B4-F5DF-400A-BB65-62057174A41A}"
EndProject
Project("{FAE04EC0-301F-11D3-BF4B-00C04F79EFBC}") = "MicroRabbit.Domain.Core", "MicroRabbit.Domain.Core\MicroRabbit.Domain.Core.csproj", "{23A442A7-C2D9-4E85-9C76-E18179EE59D0}"
EndProject
Global
	GlobalSection(SolutionConfigurationPlatforms) = preSolution
		Debug|Any CPU = Debug|Any CPU
		Release|Any CPU = Release|Any CPU
	EndGlobalSection
	GlobalSection(ProjectConfigurationPlatforms) = postSolution
		{23A442A7-C2D9-4E85-9C76-E18179EE59D0}.Debug|Any CPU.ActiveCfg = Debug|Any CPU
		{23A442A7-C2D9-4E85-9C76-E18179EE59D0}.Debug|Any CPU.Build.0 = Debug|Any CPU
		{23A442A7-C2D9-4E85-9C76-E18179EE59D0}.Release|Any CPU.ActiveCfg = Release|Any CPU
		{23A442A7-C2D9-4E85-9C76-E18179EE59D0}.Release|Any CPU.Build.0 = Release|Any CPU
	EndGlobalSection
	GlobalSection(SolutionProperties) = preSolution
		HideSolutionNode = FALSE
	EndGlobalSection
	GlobalSection(NestedProjects) = preSolution
		{23A442A7-C2D9-4E85-9C76-E18179EE59D0} = {00D556B7-DEFA-4D1B-AB43-50C171BEBF85}
	EndGlobalSection
	GlobalSection(ExtensibilityGlobals) = postSolution
		SolutionGuid = {25917372-C50B-4C6C-A934-40DDED608CAE}
	EndGlobalSection
EndGlobal
